
Microsoft Visual Studio Solution File, Format Version 12.00
# Visual Studio Version 16
VisualStudioVersion = 16.0.30804.86
MinimumVisualStudioVersion = 10.0.40219.1
Project("{FAE04EC0-301F-11D3-BF4B-00C04F79EFBC}") = "TestProject", "TestProject.csproj", "{8151A2B7-D642-4A33-B6BE-833713910369}"
EndProject
Global
	GlobalSection(SolutionConfigurationPlatforms) = preSolution
		Debug|Any CPU = Debug|Any CPU
		Release|Any CPU = Release|Any CPU
	EndGlobalSection
	GlobalSection(ProjectConfigurationPlatforms) = postSolution
		{8151A2B7-D642-4A33-B6BE-833713910369}.Debug|Any CPU.ActiveCfg = Debug|Any CPU
		{8151A2B7-D642-4A33-B6BE-833713910369}.Debug|Any CPU.Build.0 = Debug|Any CPU
		{8151A2B7-D642-4A33-B6BE-833713910369}.Release|Any CPU.ActiveCfg = Release|Any CPU
		{8151A2B7-D642-4A33-B6BE-833713910369}.Release|Any CPU.Build.0 = Release|Any CPU
	EndGlobalSection
	GlobalSection(SolutionProperties) = preSolution
		HideSolutionNode = FALSE
	EndGlobalSection
	GlobalSection(ExtensibilityGlobals) = postSolution
		SolutionGuid = {59A493F9-373F-45AD-86C4-50D196BF9349}
	EndGlobalSection
EndGlobal
